
Microsoft Visual Studio Solution File, Format Version 12.00
# Visual Studio Version 17
VisualStudioVersion = 17.9.34902.65
MinimumVisualStudioVersion = 10.0.40219.1
Project("{FAE04EC0-301F-11D3-BF4B-00C04F79EFBC}") = "OfflineRadio", "OfflineRadio.csproj", "{E1828720-23AE-41A0-9979-31FBBD202EDE}"
EndProject
Global
	GlobalSection(SolutionConfigurationPlatforms) = preSolution
		Debug|Any CPU = Debug|Any CPU
		Release|Any CPU = Release|Any CPU
	EndGlobalSection
	GlobalSection(ProjectConfigurationPlatforms) = postSolution
		{E1828720-23AE-41A0-9979-31FBBD202EDE}.Debug|Any CPU.ActiveCfg = Debug|Any CPU
		{E1828720-23AE-41A0-9979-31FBBD202EDE}.Debug|Any CPU.Build.0 = Debug|Any CPU
		{E1828720-23AE-41A0-9979-31FBBD202EDE}.Release|Any CPU.ActiveCfg = Release|Any CPU
		{E1828720-23AE-41A0-9979-31FBBD202EDE}.Release|Any CPU.Build.0 = Release|Any CPU
	EndGlobalSection
	GlobalSection(SolutionProperties) = preSolution
		HideSolutionNode = FALSE
	EndGlobalSection
	GlobalSection(ExtensibilityGlobals) = postSolution
		SolutionGuid = {F72DEAA3-7348-4DD3-AC42-C68205D48669}
	EndGlobalSection
EndGlobal
